
Microsoft Visual Studio Solution File, Format Version 12.00
# Visual Studio 15
VisualStudioVersion = 15.0.28307.645
MinimumVisualStudioVersion = 10.0.40219.1
Project("{FAE04EC0-301F-11D3-BF4B-00C04F79EFBC}") = "GenerateAutotestsDocsTool", "GenerateAutotestsDocsTool\GenerateAutotestsDocsTool.csproj", "{B861B3B3-93E7-429A-B35B-AE454DA008A8}"
EndProject
Global
	GlobalSection(SolutionConfigurationPlatforms) = preSolution
		Debug|Any CPU = Debug|Any CPU
		Release|Any CPU = Release|Any CPU
	EndGlobalSection
	GlobalSection(ProjectConfigurationPlatforms) = postSolution
		{B861B3B3-93E7-429A-B35B-AE454DA008A8}.Debug|Any CPU.ActiveCfg = Debug|Any CPU
		{B861B3B3-93E7-429A-B35B-AE454DA008A8}.Debug|Any CPU.Build.0 = Debug|Any CPU
		{B861B3B3-93E7-429A-B35B-AE454DA008A8}.Release|Any CPU.ActiveCfg = Release|Any CPU
		{B861B3B3-93E7-429A-B35B-AE454DA008A8}.Release|Any CPU.Build.0 = Release|Any CPU
	EndGlobalSection
	GlobalSection(SolutionProperties) = preSolution
		HideSolutionNode = FALSE
	EndGlobalSection
	GlobalSection(ExtensibilityGlobals) = postSolution
		SolutionGuid = {57DF41DA-E272-4867-9FE6-AD85A7D4A047}
	EndGlobalSection
EndGlobal
